
Microsoft Visual Studio Solution File, Format Version 12.00
# Visual Studio Version 17
VisualStudioVersion = 17.5.33424.131
MinimumVisualStudioVersion = 10.0.40219.1
Project("{9A19103F-16F7-4668-BE54-9A1E7A4F7556}") = "apidb", "ApiDB\apidb.csproj", "{CE1E3C65-9DA6-4BB7-93E4-D075C100BC94}"
EndProject
Project("{9A19103F-16F7-4668-BE54-9A1E7A4F7556}") = "protocol", "proto\protocol.csproj", "{80A97938-D36A-462B-838D-BE00620D8F93}"
EndProject
Project("{9A19103F-16F7-4668-BE54-9A1E7A4F7556}") = "DB", "UfaData\DB.csproj", "{77AB2CCE-1402-4714-BA61-4672000AEB05}"
EndProject
Project("{FAE04EC0-301F-11D3-BF4B-00C04F79EFBC}") = "apidb.Tests", "apidb.Tests\apidb.Tests.csproj", "{E6184150-BF9F-4B6C-90FD-5170B748747D}"
EndProject
Global
	GlobalSection(SolutionConfigurationPlatforms) = preSolution
		Debug|Any CPU = Debug|Any CPU
		Release|Any CPU = Release|Any CPU
	EndGlobalSection
	GlobalSection(ProjectConfigurationPlatforms) = postSolution
		{CE1E3C65-9DA6-4BB7-93E4-D075C100BC94}.Debug|Any CPU.ActiveCfg = Debug|Any CPU
		{CE1E3C65-9DA6-4BB7-93E4-D075C100BC94}.Debug|Any CPU.Build.0 = Debug|Any CPU
		{CE1E3C65-9DA6-4BB7-93E4-D075C100BC94}.Release|Any CPU.ActiveCfg = Release|Any CPU
		{CE1E3C65-9DA6-4BB7-93E4-D075C100BC94}.Release|Any CPU.Build.0 = Release|Any CPU
		{80A97938-D36A-462B-838D-BE00620D8F93}.Debug|Any CPU.ActiveCfg = Debug|Any CPU
		{80A97938-D36A-462B-838D-BE00620D8F93}.Debug|Any CPU.Build.0 = Debug|Any CPU
		{80A97938-D36A-462B-838D-BE00620D8F93}.Release|Any CPU.ActiveCfg = Release|Any CPU
		{80A97938-D36A-462B-838D-BE00620D8F93}.Release|Any CPU.Build.0 = Release|Any CPU
		{77AB2CCE-1402-4714-BA61-4672000AEB05}.Debug|Any CPU.ActiveCfg = Debug|Any CPU
		{77AB2CCE-1402-4714-BA61-4672000AEB05}.Debug|Any CPU.Build.0 = Debug|Any CPU
		{77AB2CCE-1402-4714-BA61-4672000AEB05}.Release|Any CPU.ActiveCfg = Release|Any CPU
		{77AB2CCE-1402-4714-BA61-4672000AEB05}.Release|Any CPU.Build.0 = Release|Any CPU
		{E6184150-BF9F-4B6C-90FD-5170B748747D}.Debug|Any CPU.ActiveCfg = Debug|Any CPU
		{E6184150-BF9F-4B6C-90FD-5170B748747D}.Debug|Any CPU.Build.0 = Debug|Any CPU
		{E6184150-BF9F-4B6C-90FD-5170B748747D}.Release|Any CPU.ActiveCfg = Release|Any CPU
		{E6184150-BF9F-4B6C-90FD-5170B748747D}.Release|Any CPU.Build.0 = Release|Any CPU
	EndGlobalSection
	GlobalSection(SolutionProperties) = preSolution
		HideSolutionNode = FALSE
	EndGlobalSection
	GlobalSection(ExtensibilityGlobals) = postSolution
		SolutionGuid = {7BC3A4F2-B9A9-4E7D-B4F1-AC5E70EA46C5}
	EndGlobalSection
EndGlobal
