
Microsoft Visual Studio Solution File, Format Version 12.00
# Visual Studio Version 17
VisualStudioVersion = 17.6.33829.357
MinimumVisualStudioVersion = 10.0.40219.1
Project("{9A19103F-16F7-4668-BE54-9A1E7A4F7556}") = "SignalRClient", "SignalRClient\SignalRClient.csproj", "{61093A12-7AB6-4AD2-B103-D9D3E415EB72}"
EndProject
Project("{9A19103F-16F7-4668-BE54-9A1E7A4F7556}") = "protocol", "..\ApiDB\proto\protocol.csproj", "{FA9E873F-DB78-4858-94AD-19AE63014070}"
EndProject
Global
	GlobalSection(SolutionConfigurationPlatforms) = preSolution
		Debug|Any CPU = Debug|Any CPU
		Release|Any CPU = Release|Any CPU
	EndGlobalSection
	GlobalSection(ProjectConfigurationPlatforms) = postSolution
		{61093A12-7AB6-4AD2-B103-D9D3E415EB72}.Debug|Any CPU.ActiveCfg = Debug|Any CPU
		{61093A12-7AB6-4AD2-B103-D9D3E415EB72}.Debug|Any CPU.Build.0 = Debug|Any CPU
		{61093A12-7AB6-4AD2-B103-D9D3E415EB72}.Release|Any CPU.ActiveCfg = Release|Any CPU
		{61093A12-7AB6-4AD2-B103-D9D3E415EB72}.Release|Any CPU.Build.0 = Release|Any CPU
		{FA9E873F-DB78-4858-94AD-19AE63014070}.Debug|Any CPU.ActiveCfg = Debug|Any CPU
		{FA9E873F-DB78-4858-94AD-19AE63014070}.Debug|Any CPU.Build.0 = Debug|Any CPU
		{FA9E873F-DB78-4858-94AD-19AE63014070}.Release|Any CPU.ActiveCfg = Release|Any CPU
		{FA9E873F-DB78-4858-94AD-19AE63014070}.Release|Any CPU.Build.0 = Release|Any CPU
	EndGlobalSection
	GlobalSection(SolutionProperties) = preSolution
		HideSolutionNode = FALSE
	EndGlobalSection
	GlobalSection(ExtensibilityGlobals) = postSolution
		SolutionGuid = {41A9F589-C321-4EE7-8721-D642E3486340}
	EndGlobalSection
EndGlobal
